
Microsoft Visual Studio Solution File, Format Version 12.00
# Visual Studio 15
VisualStudioVersion = 15.0.28010.2026
MinimumVisualStudioVersion = 10.0.40219.1
Project("{2150E333-8FDC-42A3-9474-1A3956D46DE8}") = "Demos", "Demos", "{750AC051-5F37-45B1-82DA-985494DCFDF0}"
EndProject
Project("{8BC9CEB8-8B4A-11D0-8D11-00A0C91BC942}") = "DebugDrawDemo", "Projects\Demos\DebugDrawDemo\DebugDrawDemo.vcxproj", "{EB1021DF-958E-42A9-AFEB-21050E3FD6E3}"
EndProject
Project("{8BC9CEB8-8B4A-11D0-8D11-00A0C91BC942}") = "ImGuiDemo", "Projects\Demos\ImGuiDemo\ImGuiDemo.vcxproj", "{92200E1D-ED4A-4A61-89C6-C2BCDA167B22}"
EndProject
Project("{8BC9CEB8-8B4A-11D0-8D11-00A0C91BC942}") = "MainLoop", "Projects\Demos\MainLoop\MainLoop.vcxproj", "{AEC2CB74-CC5A-4C42-ABE0-9311CDAC931A}"
EndProject
Project("{8BC9CEB8-8B4A-11D0-8D11-00A0C91BC942}") = "NuklearDemo", "Projects\Demos\NuklearDemo\NuklearDemo.vcxproj", "{8295B2F1-76E8-4625-AAB5-59F049DE2EC3}"
EndProject
Project("{2150E333-8FDC-42A3-9474-1A3956D46DE8}") = "GalGame", "GalGame", "{B3AA916C-A817-434A-B603-CB203C5CAD4F}"
EndProject
Project("{8BC9CEB8-8B4A-11D0-8D11-00A0C91BC942}") = "MLScriptTranslator", "Projects\GalGame\MLScriptTranslator\MLScriptTranslator.vcxproj", "{096E3218-E29F-4FD8-AF03-3B59103E602D}"
EndProject
Project("{8BC9CEB8-8B4A-11D0-8D11-00A0C91BC942}") = "MoeLoop", "Projects\GalGame\MoeLoop\MoeLoop.vcxproj", "{06658CE4-D41C-4FEB-A882-9F4EBA33CF81}"
EndProject
Project("{8BC9CEB8-8B4A-11D0-8D11-00A0C91BC942}") = "Usagi", "Projects\Usagi\Usagi\Usagi.vcxproj", "{4250E1C0-EA0B-4575-BC04-11E7F83C2ED4}"
EndProject
Project("{8BC9CEB8-8B4A-11D0-8D11-00A0C91BC942}") = "HelloSwapchain", "Projects\Demos\HelloSwapchain\HelloSwapchain.vcxproj", "{B6E3A028-4D6D-42E0-9A81-D5C59B651310}"
EndProject
Project("{2150E333-8FDC-42A3-9474-1A3956D46DE8}") = "Thirdparties", "Thirdparties", "{6EFF136F-7A5E-4C46-A86D-8203E573785D}"
EndProject
Project("{8BC9CEB8-8B4A-11D0-8D11-00A0C91BC942}") = "fmt", "Thirdparties\Submodules\fmt\build\fmt.vcxproj", "{65806822-06B5-3679-AC9F-629EA69ADAF1}"
EndProject
Project("{8BC9CEB8-8B4A-11D0-8D11-00A0C91BC942}") = "glslang", "Thirdparties\Submodules\glslang\build\glslang\glslang.vcxproj", "{CFEBE9AE-9CF8-30FA-8FC0-31067E861F34}"
EndProject
Project("{8BC9CEB8-8B4A-11D0-8D11-00A0C91BC942}") = "OSDependent", "Thirdparties\Submodules\glslang\build\glslang\OSDependent\Windows\OSDependent.vcxproj", "{AAFFD61E-152C-3583-AE0E-76767E90C3FF}"
EndProject
Project("{8BC9CEB8-8B4A-11D0-8D11-00A0C91BC942}") = "HLSL", "Thirdparties\Submodules\glslang\build\hlsl\HLSL.vcxproj", "{83D45E57-0B6E-3904-B1AC-B366AD1E8A72}"
EndProject
Project("{8BC9CEB8-8B4A-11D0-8D11-00A0C91BC942}") = "OGLCompiler", "Thirdparties\Submodules\glslang\build\OGLCompilersDLL\OGLCompiler.vcxproj", "{0747BE93-F3C1-397F-BFC7-2A4ABABE7BA7}"
EndProject
Project("{8BC9CEB8-8B4A-11D0-8D11-00A0C91BC942}") = "SPIRV", "Thirdparties\Submodules\glslang\build\SPIRV\SPIRV.vcxproj", "{AB744DF2-2244-3BD4-984E-6C3F82756FB5}"
EndProject
Project("{8BC9CEB8-8B4A-11D0-8D11-00A0C91BC942}") = "glslang-default-resource-limits", "Thirdparties\Submodules\glslang\build\StandAlone\glslang-default-resource-limits.vcxproj", "{777CA18F-9FD4-3F3B-BE41-0E7F78629123}"
EndProject
Project("{2150E333-8FDC-42A3-9474-1A3956D46DE8}") = "glslang", "glslang", "{421C8073-48CC-4FB5-8D24-F427C550F412}"
EndProject
Project("{2150E333-8FDC-42A3-9474-1A3956D46DE8}") = "SPIRV-Cross", "SPIRV-Cross", "{5D69D9C3-1424-4282-9F6B-EBDEDC6A4783}"
EndProject
Project("{8BC9CEB8-8B4A-11D0-8D11-00A0C91BC942}") = "spirv-cross-core", "Thirdparties\Submodules\SPIRV-Cross\build\spirv-cross-core.vcxproj", "{5A2DF431-3A80-3C06-B9B1-27430B56A29E}"
EndProject
Project("{8BC9CEB8-8B4A-11D0-8D11-00A0C91BC942}") = "spirv-cross-cpp", "Thirdparties\Submodules\SPIRV-Cross\build\spirv-cross-cpp.vcxproj", "{38420C6A-42C5-3AB9-A6E5-59E445AC0E5E}"
EndProject
Project("{8BC9CEB8-8B4A-11D0-8D11-00A0C91BC942}") = "spirv-cross-glsl", "Thirdparties\Submodules\SPIRV-Cross\build\spirv-cross-glsl.vcxproj", "{065DC5C3-4006-3E20-A116-6B66BF3D954B}"
EndProject
Project("{8BC9CEB8-8B4A-11D0-8D11-00A0C91BC942}") = "spirv-cross-hlsl", "Thirdparties\Submodules\SPIRV-Cross\build\spirv-cross-hlsl.vcxproj", "{E727A94C-0B46-3335-B1EA-D79477DE7681}"
EndProject
Project("{8BC9CEB8-8B4A-11D0-8D11-00A0C91BC942}") = "spirv-cross-msl", "Thirdparties\Submodules\SPIRV-Cross\build\spirv-cross-msl.vcxproj", "{17861B06-326C-313F-B531-6698F69A7E0A}"
EndProject
Project("{8BC9CEB8-8B4A-11D0-8D11-00A0C91BC942}") = "spirv-cross-util", "Thirdparties\Submodules\SPIRV-Cross\build\spirv-cross-util.vcxproj", "{88CC132D-BF6F-39B4-AF07-17C68A1C42C0}"
EndProject
Project("{8BC9CEB8-8B4A-11D0-8D11-00A0C91BC942}") = "spirv-cross-reflect", "Thirdparties\Submodules\SPIRV-Cross\build\spirv-cross-reflect.vcxproj", "{383414A1-4E4E-3867-B4D1-A695D8987077}"
EndProject
Project("{2150E333-8FDC-42A3-9474-1A3956D46DE8}") = "Irregulars", "Irregulars", "{1985DD40-A5BE-4EE9-A7E3-2A18882AF36C}"
EndProject
Project("{2150E333-8FDC-42A3-9474-1A3956D46DE8}") = "Private", "Private", "{C0997A53-8C50-445A-9DA7-3AD42A4674A5}"
EndProject
Project("{8BC9CEB8-8B4A-11D0-8D11-00A0C91BC942}") = "Mobius", "Projects\Private\Irregulars\Mobius\src\Mobius\Mobius.vcxproj", "{DBEE655D-7281-4320-8ACF-01B26846C08E}"
EndProject
Global
	GlobalSection(SolutionConfigurationPlatforms) = preSolution
		Debug|x64 = Debug|x64
		Debug|x86 = Debug|x86
		Release|x64 = Release|x64
		Release|x86 = Release|x86
		RelWithDebInfo|x64 = RelWithDebInfo|x64
		RelWithDebInfo|x86 = RelWithDebInfo|x86
	EndGlobalSection
	GlobalSection(ProjectConfigurationPlatforms) = postSolution
		{EB1021DF-958E-42A9-AFEB-21050E3FD6E3}.Debug|x64.ActiveCfg = Debug|x64
		{EB1021DF-958E-42A9-AFEB-21050E3FD6E3}.Debug|x64.Build.0 = Debug|x64
		{EB1021DF-958E-42A9-AFEB-21050E3FD6E3}.Debug|x86.ActiveCfg = Debug|Win32
		{EB1021DF-958E-42A9-AFEB-21050E3FD6E3}.Debug|x86.Build.0 = Debug|Win32
		{EB1021DF-958E-42A9-AFEB-21050E3FD6E3}.Release|x64.ActiveCfg = Release|x64
		{EB1021DF-958E-42A9-AFEB-21050E3FD6E3}.Release|x64.Build.0 = Release|x64
		{EB1021DF-958E-42A9-AFEB-21050E3FD6E3}.Release|x86.ActiveCfg = Release|Win32
		{EB1021DF-958E-42A9-AFEB-21050E3FD6E3}.Release|x86.Build.0 = Release|Win32
		{EB1021DF-958E-42A9-AFEB-21050E3FD6E3}.RelWithDebInfo|x64.ActiveCfg = Release|x64
		{EB1021DF-958E-42A9-AFEB-21050E3FD6E3}.RelWithDebInfo|x64.Build.0 = Release|x64
		{EB1021DF-958E-42A9-AFEB-21050E3FD6E3}.RelWithDebInfo|x86.ActiveCfg = Release|Win32
		{EB1021DF-958E-42A9-AFEB-21050E3FD6E3}.RelWithDebInfo|x86.Build.0 = Release|Win32
		{92200E1D-ED4A-4A61-89C6-C2BCDA167B22}.Debug|x64.ActiveCfg = Debug|x64
		{92200E1D-ED4A-4A61-89C6-C2BCDA167B22}.Debug|x64.Build.0 = Debug|x64
		{92200E1D-ED4A-4A61-89C6-C2BCDA167B22}.Debug|x86.ActiveCfg = Debug|Win32
		{92200E1D-ED4A-4A61-89C6-C2BCDA167B22}.Debug|x86.Build.0 = Debug|Win32
		{92200E1D-ED4A-4A61-89C6-C2BCDA167B22}.Release|x64.ActiveCfg = Release|x64
		{92200E1D-ED4A-4A61-89C6-C2BCDA167B22}.Release|x64.Build.0 = Release|x64
		{92200E1D-ED4A-4A61-89C6-C2BCDA167B22}.Release|x86.ActiveCfg = Release|Win32
		{92200E1D-ED4A-4A61-89C6-C2BCDA167B22}.Release|x86.Build.0 = Release|Win32
		{92200E1D-ED4A-4A61-89C6-C2BCDA167B22}.RelWithDebInfo|x64.ActiveCfg = Release|x64
		{92200E1D-ED4A-4A61-89C6-C2BCDA167B22}.RelWithDebInfo|x64.Build.0 = Release|x64
		{92200E1D-ED4A-4A61-89C6-C2BCDA167B22}.RelWithDebInfo|x86.ActiveCfg = Release|Win32
		{92200E1D-ED4A-4A61-89C6-C2BCDA167B22}.RelWithDebInfo|x86.Build.0 = Release|Win32
		{AEC2CB74-CC5A-4C42-ABE0-9311CDAC931A}.Debug|x64.ActiveCfg = Debug|x64
		{AEC2CB74-CC5A-4C42-ABE0-9311CDAC931A}.Debug|x64.Build.0 = Debug|x64
		{AEC2CB74-CC5A-4C42-ABE0-9311CDAC931A}.Debug|x86.ActiveCfg = Debug|Win32
		{AEC2CB74-CC5A-4C42-ABE0-9311CDAC931A}.Debug|x86.Build.0 = Debug|Win32
		{AEC2CB74-CC5A-4C42-ABE0-9311CDAC931A}.Release|x64.ActiveCfg = Release|x64
		{AEC2CB74-CC5A-4C42-ABE0-9311CDAC931A}.Release|x64.Build.0 = Release|x64
		{AEC2CB74-CC5A-4C42-ABE0-9311CDAC931A}.Release|x86.ActiveCfg = Release|Win32
		{AEC2CB74-CC5A-4C42-ABE0-9311CDAC931A}.Release|x86.Build.0 = Release|Win32
		{AEC2CB74-CC5A-4C42-ABE0-9311CDAC931A}.RelWithDebInfo|x64.ActiveCfg = Release|x64
		{AEC2CB74-CC5A-4C42-ABE0-9311CDAC931A}.RelWithDebInfo|x64.Build.0 = Release|x64
		{AEC2CB74-CC5A-4C42-ABE0-9311CDAC931A}.RelWithDebInfo|x86.ActiveCfg = Release|Win32
		{AEC2CB74-CC5A-4C42-ABE0-9311CDAC931A}.RelWithDebInfo|x86.Build.0 = Release|Win32
		{8295B2F1-76E8-4625-AAB5-59F049DE2EC3}.Debug|x64.ActiveCfg = Debug|x64
		{8295B2F1-76E8-4625-AAB5-59F049DE2EC3}.Debug|x64.Build.0 = Debug|x64
		{8295B2F1-76E8-4625-AAB5-59F049DE2EC3}.Debug|x86.ActiveCfg = Debug|Win32
		{8295B2F1-76E8-4625-AAB5-59F049DE2EC3}.Debug|x86.Build.0 = Debug|Win32
		{8295B2F1-76E8-4625-AAB5-59F049DE2EC3}.Release|x64.ActiveCfg = Release|x64
		{8295B2F1-76E8-4625-AAB5-59F049DE2EC3}.Release|x64.Build.0 = Release|x64
		{8295B2F1-76E8-4625-AAB5-59F049DE2EC3}.Release|x86.ActiveCfg = Release|Win32
		{8295B2F1-76E8-4625-AAB5-59F049DE2EC3}.Release|x86.Build.0 = Release|Win32
		{8295B2F1-76E8-4625-AAB5-59F049DE2EC3}.RelWithDebInfo|x64.ActiveCfg = Release|x64
		{8295B2F1-76E8-4625-AAB5-59F049DE2EC3}.RelWithDebInfo|x64.Build.0 = Release|x64
		{8295B2F1-76E8-4625-AAB5-59F049DE2EC3}.RelWithDebInfo|x86.ActiveCfg = Release|Win32
		{8295B2F1-76E8-4625-AAB5-59F049DE2EC3}.RelWithDebInfo|x86.Build.0 = Release|Win32
		{096E3218-E29F-4FD8-AF03-3B59103E602D}.Debug|x64.ActiveCfg = Debug|x64
		{096E3218-E29F-4FD8-AF03-3B59103E602D}.Debug|x64.Build.0 = Debug|x64
		{096E3218-E29F-4FD8-AF03-3B59103E602D}.Debug|x86.ActiveCfg = Debug|Win32
		{096E3218-E29F-4FD8-AF03-3B59103E602D}.Debug|x86.Build.0 = Debug|Win32
		{096E3218-E29F-4FD8-AF03-3B59103E602D}.Release|x64.ActiveCfg = Release|x64
		{096E3218-E29F-4FD8-AF03-3B59103E602D}.Release|x64.Build.0 = Release|x64
		{096E3218-E29F-4FD8-AF03-3B59103E602D}.Release|x86.ActiveCfg = Release|Win32
		{096E3218-E29F-4FD8-AF03-3B59103E602D}.Release|x86.Build.0 = Release|Win32
		{096E3218-E29F-4FD8-AF03-3B59103E602D}.RelWithDebInfo|x64.ActiveCfg = Release|x64
		{096E3218-E29F-4FD8-AF03-3B59103E602D}.RelWithDebInfo|x64.Build.0 = Release|x64
		{096E3218-E29F-4FD8-AF03-3B59103E602D}.RelWithDebInfo|x86.ActiveCfg = Release|Win32
		{096E3218-E29F-4FD8-AF03-3B59103E602D}.RelWithDebInfo|x86.Build.0 = Release|Win32
		{06658CE4-D41C-4FEB-A882-9F4EBA33CF81}.Debug|x64.ActiveCfg = Debug|x64
		{06658CE4-D41C-4FEB-A882-9F4EBA33CF81}.Debug|x64.Build.0 = Debug|x64
		{06658CE4-D41C-4FEB-A882-9F4EBA33CF81}.Debug|x86.ActiveCfg = Debug|Win32
		{06658CE4-D41C-4FEB-A882-9F4EBA33CF81}.Debug|x86.Build.0 = Debug|Win32
		{06658CE4-D41C-4FEB-A882-9F4EBA33CF81}.Release|x64.ActiveCfg = Release|x64
		{06658CE4-D41C-4FEB-A882-9F4EBA33CF81}.Release|x64.Build.0 = Release|x64
		{06658CE4-D41C-4FEB-A882-9F4EBA33CF81}.Release|x86.ActiveCfg = Release|Win32
		{06658CE4-D41C-4FEB-A882-9F4EBA33CF81}.Release|x86.Build.0 = Release|Win32
		{06658CE4-D41C-4FEB-A882-9F4EBA33CF81}.RelWithDebInfo|x64.ActiveCfg = Release|x64
		{06658CE4-D41C-4FEB-A882-9F4EBA33CF81}.RelWithDebInfo|x64.Build.0 = Release|x64
		{06658CE4-D41C-4FEB-A882-9F4EBA33CF81}.RelWithDebInfo|x86.ActiveCfg = Release|Win32
		{06658CE4-D41C-4FEB-A882-9F4EBA33CF81}.RelWithDebInfo|x86.Build.0 = Release|Win32
		{4250E1C0-EA0B-4575-BC04-11E7F83C2ED4}.Debug|x64.ActiveCfg = Debug|x64
		{4250E1C0-EA0B-4575-BC04-11E7F83C2ED4}.Debug|x64.Build.0 = Debug|x64
		{4250E1C0-EA0B-4575-BC04-11E7F83C2ED4}.Debug|x86.ActiveCfg = Debug|Win32
		{4250E1C0-EA0B-4575-BC04-11E7F83C2ED4}.Debug|x86.Build.0 = Debug|Win32
		{4250E1C0-EA0B-4575-BC04-11E7F83C2ED4}.Release|x64.ActiveCfg = Release|x64
		{4250E1C0-EA0B-4575-BC04-11E7F83C2ED4}.Release|x64.Build.0 = Release|x64
		{4250E1C0-EA0B-4575-BC04-11E7F83C2ED4}.Release|x86.ActiveCfg = Release|Win32
		{4250E1C0-EA0B-4575-BC04-11E7F83C2ED4}.Release|x86.Build.0 = Release|Win32
		{4250E1C0-EA0B-4575-BC04-11E7F83C2ED4}.RelWithDebInfo|x64.ActiveCfg = Release|x64
		{4250E1C0-EA0B-4575-BC04-11E7F83C2ED4}.RelWithDebInfo|x64.Build.0 = Release|x64
		{4250E1C0-EA0B-4575-BC04-11E7F83C2ED4}.RelWithDebInfo|x86.ActiveCfg = Release|Win32
		{4250E1C0-EA0B-4575-BC04-11E7F83C2ED4}.RelWithDebInfo|x86.Build.0 = Release|Win32
		{B6E3A028-4D6D-42E0-9A81-D5C59B651310}.Debug|x64.ActiveCfg = Debug|x64
		{B6E3A028-4D6D-42E0-9A81-D5C59B651310}.Debug|x64.Build.0 = Debug|x64
		{B6E3A028-4D6D-42E0-9A81-D5C59B651310}.Debug|x86.ActiveCfg = Debug|Win32
		{B6E3A028-4D6D-42E0-9A81-D5C59B651310}.Debug|x86.Build.0 = Debug|Win32
		{B6E3A028-4D6D-42E0-9A81-D5C59B651310}.Release|x64.ActiveCfg = Release|x64
		{B6E3A028-4D6D-42E0-9A81-D5C59B651310}.Release|x64.Build.0 = Release|x64
		{B6E3A028-4D6D-42E0-9A81-D5C59B651310}.Release|x86.ActiveCfg = Release|Win32
		{B6E3A028-4D6D-42E0-9A81-D5C59B651310}.Release|x86.Build.0 = Release|Win32
		{B6E3A028-4D6D-42E0-9A81-D5C59B651310}.RelWithDebInfo|x64.ActiveCfg = Release|x64
		{B6E3A028-4D6D-42E0-9A81-D5C59B651310}.RelWithDebInfo|x64.Build.0 = Release|x64
		{B6E3A028-4D6D-42E0-9A81-D5C59B651310}.RelWithDebInfo|x86.ActiveCfg = Release|Win32
		{B6E3A028-4D6D-42E0-9A81-D5C59B651310}.RelWithDebInfo|x86.Build.0 = Release|Win32
		{65806822-06B5-3679-AC9F-629EA69ADAF1}.Debug|x64.ActiveCfg = Debug|x64
		{65806822-06B5-3679-AC9F-629EA69ADAF1}.Debug|x64.Build.0 = Debug|x64
		{65806822-06B5-3679-AC9F-629EA69ADAF1}.Debug|x86.ActiveCfg = Debug|x64
		{65806822-06B5-3679-AC9F-629EA69ADAF1}.Release|x64.ActiveCfg = Release|x64
		{65806822-06B5-3679-AC9F-629EA69ADAF1}.Release|x86.ActiveCfg = Release|x64
		{65806822-06B5-3679-AC9F-629EA69ADAF1}.RelWithDebInfo|x64.ActiveCfg = RelWithDebInfo|x64
		{65806822-06B5-3679-AC9F-629EA69ADAF1}.RelWithDebInfo|x86.ActiveCfg = RelWithDebInfo|x64
		{CFEBE9AE-9CF8-30FA-8FC0-31067E861F34}.Debug|x64.ActiveCfg = Debug|x64
		{CFEBE9AE-9CF8-30FA-8FC0-31067E861F34}.Debug|x64.Build.0 = Debug|x64
		{CFEBE9AE-9CF8-30FA-8FC0-31067E861F34}.Debug|x86.ActiveCfg = Debug|x64
		{CFEBE9AE-9CF8-30FA-8FC0-31067E861F34}.Release|x64.ActiveCfg = Release|x64
		{CFEBE9AE-9CF8-30FA-8FC0-31067E861F34}.Release|x86.ActiveCfg = Release|x64
		{CFEBE9AE-9CF8-30FA-8FC0-31067E861F34}.RelWithDebInfo|x64.ActiveCfg = RelWithDebInfo|x64
		{CFEBE9AE-9CF8-30FA-8FC0-31067E861F34}.RelWithDebInfo|x86.ActiveCfg = RelWithDebInfo|x64
		{AAFFD61E-152C-3583-AE0E-76767E90C3FF}.Debug|x64.ActiveCfg = Debug|x64
		{AAFFD61E-152C-3583-AE0E-76767E90C3FF}.Debug|x64.Build.0 = Debug|x64
		{AAFFD61E-152C-3583-AE0E-76767E90C3FF}.Debug|x86.ActiveCfg = Debug|x64
		{AAFFD61E-152C-3583-AE0E-76767E90C3FF}.Release|x64.ActiveCfg = Release|x64
		{AAFFD61E-152C-3583-AE0E-76767E90C3FF}.Release|x86.ActiveCfg = Release|x64
		{AAFFD61E-152C-3583-AE0E-76767E90C3FF}.RelWithDebInfo|x64.ActiveCfg = RelWithDebInfo|x64
		{AAFFD61E-152C-3583-AE0E-76767E90C3FF}.RelWithDebInfo|x86.ActiveCfg = RelWithDebInfo|x64
		{83D45E57-0B6E-3904-B1AC-B366AD1E8A72}.Debug|x64.ActiveCfg = Debug|x64
		{83D45E57-0B6E-3904-B1AC-B366AD1E8A72}.Debug|x64.Build.0 = Debug|x64
		{83D45E57-0B6E-3904-B1AC-B366AD1E8A72}.Debug|x86.ActiveCfg = Debug|x64
		{83D45E57-0B6E-3904-B1AC-B366AD1E8A72}.Release|x64.ActiveCfg = Release|x64
		{83D45E57-0B6E-3904-B1AC-B366AD1E8A72}.Release|x86.ActiveCfg = Release|x64
		{83D45E57-0B6E-3904-B1AC-B366AD1E8A72}.RelWithDebInfo|x64.ActiveCfg = RelWithDebInfo|x64
		{83D45E57-0B6E-3904-B1AC-B366AD1E8A72}.RelWithDebInfo|x86.ActiveCfg = RelWithDebInfo|x64
		{0747BE93-F3C1-397F-BFC7-2A4ABABE7BA7}.Debug|x64.ActiveCfg = Debug|x64
		{0747BE93-F3C1-397F-BFC7-2A4ABABE7BA7}.Debug|x64.Build.0 = Debug|x64
		{0747BE93-F3C1-397F-BFC7-2A4ABABE7BA7}.Debug|x86.ActiveCfg = Debug|x64
		{0747BE93-F3C1-397F-BFC7-2A4ABABE7BA7}.Release|x64.ActiveCfg = Release|x64
		{0747BE93-F3C1-397F-BFC7-2A4ABABE7BA7}.Release|x86.ActiveCfg = Release|x64
		{0747BE93-F3C1-397F-BFC7-2A4ABABE7BA7}.RelWithDebInfo|x64.ActiveCfg = RelWithDebInfo|x64
		{0747BE93-F3C1-397F-BFC7-2A4ABABE7BA7}.RelWithDebInfo|x86.ActiveCfg = RelWithDebInfo|x64
		{AB744DF2-2244-3BD4-984E-6C3F82756FB5}.Debug|x64.ActiveCfg = Debug|x64
		{AB744DF2-2244-3BD4-984E-6C3F82756FB5}.Debug|x64.Build.0 = Debug|x64
		{AB744DF2-2244-3BD4-984E-6C3F82756FB5}.Debug|x86.ActiveCfg = Debug|x64
		{AB744DF2-2244-3BD4-984E-6C3F82756FB5}.Release|x64.ActiveCfg = Release|x64
		{AB744DF2-2244-3BD4-984E-6C3F82756FB5}.Release|x86.ActiveCfg = Release|x64
		{AB744DF2-2244-3BD4-984E-6C3F82756FB5}.RelWithDebInfo|x64.ActiveCfg = RelWithDebInfo|x64
		{AB744DF2-2244-3BD4-984E-6C3F82756FB5}.RelWithDebInfo|x86.ActiveCfg = RelWithDebInfo|x64
		{777CA18F-9FD4-3F3B-BE41-0E7F78629123}.Debug|x64.ActiveCfg = Debug|x64
		{777CA18F-9FD4-3F3B-BE41-0E7F78629123}.Debug|x64.Build.0 = Debug|x64
		{777CA18F-9FD4-3F3B-BE41-0E7F78629123}.Debug|x86.ActiveCfg = Debug|x64
		{777CA18F-9FD4-3F3B-BE41-0E7F78629123}.Release|x64.ActiveCfg = Release|x64
		{777CA18F-9FD4-3F3B-BE41-0E7F78629123}.Release|x86.ActiveCfg = Release|x64
		{777CA18F-9FD4-3F3B-BE41-0E7F78629123}.RelWithDebInfo|x64.ActiveCfg = RelWithDebInfo|x64
		{777CA18F-9FD4-3F3B-BE41-0E7F78629123}.RelWithDebInfo|x86.ActiveCfg = RelWithDebInfo|x64
		{5A2DF431-3A80-3C06-B9B1-27430B56A29E}.Debug|x64.ActiveCfg = Debug|x64
		{5A2DF431-3A80-3C06-B9B1-27430B56A29E}.Debug|x64.Build.0 = Debug|x64
		{5A2DF431-3A80-3C06-B9B1-27430B56A29E}.Debug|x86.ActiveCfg = Debug|x64
		{5A2DF431-3A80-3C06-B9B1-27430B56A29E}.Release|x64.ActiveCfg = Release|x64
		{5A2DF431-3A80-3C06-B9B1-27430B56A29E}.Release|x86.ActiveCfg = Release|x64
		{5A2DF431-3A80-3C06-B9B1-27430B56A29E}.RelWithDebInfo|x64.ActiveCfg = RelWithDebInfo|x64
		{5A2DF431-3A80-3C06-B9B1-27430B56A29E}.RelWithDebInfo|x86.ActiveCfg = RelWithDebInfo|x64
		{38420C6A-42C5-3AB9-A6E5-59E445AC0E5E}.Debug|x64.ActiveCfg = Debug|x64
		{38420C6A-42C5-3AB9-A6E5-59E445AC0E5E}.Debug|x64.Build.0 = Debug|x64
		{38420C6A-42C5-3AB9-A6E5-59E445AC0E5E}.Debug|x86.ActiveCfg = Debug|x64
		{38420C6A-42C5-3AB9-A6E5-59E445AC0E5E}.Release|x64.ActiveCfg = Release|x64
		{38420C6A-42C5-3AB9-A6E5-59E445AC0E5E}.Release|x86.ActiveCfg = Release|x64
		{38420C6A-42C5-3AB9-A6E5-59E445AC0E5E}.RelWithDebInfo|x64.ActiveCfg = RelWithDebInfo|x64
		{38420C6A-42C5-3AB9-A6E5-59E445AC0E5E}.RelWithDebInfo|x86.ActiveCfg = RelWithDebInfo|x64
		{065DC5C3-4006-3E20-A116-6B66BF3D954B}.Debug|x64.ActiveCfg = Debug|x64
		{065DC5C3-4006-3E20-A116-6B66BF3D954B}.Debug|x64.Build.0 = Debug|x64
		{065DC5C3-4006-3E20-A116-6B66BF3D954B}.Debug|x86.ActiveCfg = Debug|x64
		{065DC5C3-4006-3E20-A116-6B66BF3D954B}.Release|x64.ActiveCfg = Release|x64
		{065DC5C3-4006-3E20-A116-6B66BF3D954B}.Release|x86.ActiveCfg = Release|x64
		{065DC5C3-4006-3E20-A116-6B66BF3D954B}.RelWithDebInfo|x64.ActiveCfg = RelWithDebInfo|x64
		{065DC5C3-4006-3E20-A116-6B66BF3D954B}.RelWithDebInfo|x86.ActiveCfg = RelWithDebInfo|x64
		{E727A94C-0B46-3335-B1EA-D79477DE7681}.Debug|x64.ActiveCfg = Debug|x64
		{E727A94C-0B46-3335-B1EA-D79477DE7681}.Debug|x64.Build.0 = Debug|x64
		{E727A94C-0B46-3335-B1EA-D79477DE7681}.Debug|x86.ActiveCfg = Debug|x64
		{E727A94C-0B46-3335-B1EA-D79477DE7681}.Release|x64.ActiveCfg = Release|x64
		{E727A94C-0B46-3335-B1EA-D79477DE7681}.Release|x86.ActiveCfg = Release|x64
		{E727A94C-0B46-3335-B1EA-D79477DE7681}.RelWithDebInfo|x64.ActiveCfg = RelWithDebInfo|x64
		{E727A94C-0B46-3335-B1EA-D79477DE7681}.RelWithDebInfo|x86.ActiveCfg = RelWithDebInfo|x64
		{17861B06-326C-313F-B531-6698F69A7E0A}.Debug|x64.ActiveCfg = Debug|x64
		{17861B06-326C-313F-B531-6698F69A7E0A}.Debug|x64.Build.0 = Debug|x64
		{17861B06-326C-313F-B531-6698F69A7E0A}.Debug|x86.ActiveCfg = Debug|x64
		{17861B06-326C-313F-B531-6698F69A7E0A}.Release|x64.ActiveCfg = Release|x64
		{17861B06-326C-313F-B531-6698F69A7E0A}.Release|x86.ActiveCfg = Release|x64
		{17861B06-326C-313F-B531-6698F69A7E0A}.RelWithDebInfo|x64.ActiveCfg = RelWithDebInfo|x64
		{17861B06-326C-313F-B531-6698F69A7E0A}.RelWithDebInfo|x86.ActiveCfg = RelWithDebInfo|x64
		{88CC132D-BF6F-39B4-AF07-17C68A1C42C0}.Debug|x64.ActiveCfg = Debug|x64
		{88CC132D-BF6F-39B4-AF07-17C68A1C42C0}.Debug|x64.Build.0 = Debug|x64
		{88CC132D-BF6F-39B4-AF07-17C68A1C42C0}.Debug|x86.ActiveCfg = Debug|x64
		{88CC132D-BF6F-39B4-AF07-17C68A1C42C0}.Release|x64.ActiveCfg = Release|x64
		{88CC132D-BF6F-39B4-AF07-17C68A1C42C0}.Release|x86.ActiveCfg = Release|x64
		{88CC132D-BF6F-39B4-AF07-17C68A1C42C0}.RelWithDebInfo|x64.ActiveCfg = RelWithDebInfo|x64
		{88CC132D-BF6F-39B4-AF07-17C68A1C42C0}.RelWithDebInfo|x86.ActiveCfg = RelWithDebInfo|x64
		{383414A1-4E4E-3867-B4D1-A695D8987077}.Debug|x64.ActiveCfg = Debug|x64
		{383414A1-4E4E-3867-B4D1-A695D8987077}.Debug|x64.Build.0 = Debug|x64
		{383414A1-4E4E-3867-B4D1-A695D8987077}.Debug|x86.ActiveCfg = Debug|x64
		{383414A1-4E4E-3867-B4D1-A695D8987077}.Release|x64.ActiveCfg = Release|x64
		{383414A1-4E4E-3867-B4D1-A695D8987077}.Release|x86.ActiveCfg = Release|x64
		{383414A1-4E4E-3867-B4D1-A695D8987077}.RelWithDebInfo|x64.ActiveCfg = RelWithDebInfo|x64
		{383414A1-4E4E-3867-B4D1-A695D8987077}.RelWithDebInfo|x86.ActiveCfg = RelWithDebInfo|x64
		{DBEE655D-7281-4320-8ACF-01B26846C08E}.Debug|x64.ActiveCfg = Debug|x64
		{DBEE655D-7281-4320-8ACF-01B26846C08E}.Debug|x64.Build.0 = Debug|x64
		{DBEE655D-7281-4320-8ACF-01B26846C08E}.Debug|x86.ActiveCfg = Debug|Win32
		{DBEE655D-7281-4320-8ACF-01B26846C08E}.Debug|x86.Build.0 = Debug|Win32
		{DBEE655D-7281-4320-8ACF-01B26846C08E}.Release|x64.ActiveCfg = Release|x64
		{DBEE655D-7281-4320-8ACF-01B26846C08E}.Release|x64.Build.0 = Release|x64
		{DBEE655D-7281-4320-8ACF-01B26846C08E}.Release|x86.ActiveCfg = Release|Win32
		{DBEE655D-7281-4320-8ACF-01B26846C08E}.Release|x86.Build.0 = Release|Win32
		{DBEE655D-7281-4320-8ACF-01B26846C08E}.RelWithDebInfo|x64.ActiveCfg = Release|x64
		{DBEE655D-7281-4320-8ACF-01B26846C08E}.RelWithDebInfo|x64.Build.0 = Release|x64
		{DBEE655D-7281-4320-8ACF-01B26846C08E}.RelWithDebInfo|x86.ActiveCfg = Release|Win32
		{DBEE655D-7281-4320-8ACF-01B26846C08E}.RelWithDebInfo|x86.Build.0 = Release|Win32
	EndGlobalSection
	GlobalSection(SolutionProperties) = preSolution
		HideSolutionNode = FALSE
	EndGlobalSection
	GlobalSection(NestedProjects) = preSolution
		{EB1021DF-958E-42A9-AFEB-21050E3FD6E3} = {750AC051-5F37-45B1-82DA-985494DCFDF0}
		{92200E1D-ED4A-4A61-89C6-C2BCDA167B22} = {750AC051-5F37-45B1-82DA-985494DCFDF0}
		{AEC2CB74-CC5A-4C42-ABE0-9311CDAC931A} = {750AC051-5F37-45B1-82DA-985494DCFDF0}
		{8295B2F1-76E8-4625-AAB5-59F049DE2EC3} = {750AC051-5F37-45B1-82DA-985494DCFDF0}
		{096E3218-E29F-4FD8-AF03-3B59103E602D} = {B3AA916C-A817-434A-B603-CB203C5CAD4F}
		{06658CE4-D41C-4FEB-A882-9F4EBA33CF81} = {B3AA916C-A817-434A-B603-CB203C5CAD4F}
		{B6E3A028-4D6D-42E0-9A81-D5C59B651310} = {750AC051-5F37-45B1-82DA-985494DCFDF0}
		{65806822-06B5-3679-AC9F-629EA69ADAF1} = {6EFF136F-7A5E-4C46-A86D-8203E573785D}
		{CFEBE9AE-9CF8-30FA-8FC0-31067E861F34} = {421C8073-48CC-4FB5-8D24-F427C550F412}
		{AAFFD61E-152C-3583-AE0E-76767E90C3FF} = {421C8073-48CC-4FB5-8D24-F427C550F412}
		{83D45E57-0B6E-3904-B1AC-B366AD1E8A72} = {421C8073-48CC-4FB5-8D24-F427C550F412}
		{0747BE93-F3C1-397F-BFC7-2A4ABABE7BA7} = {421C8073-48CC-4FB5-8D24-F427C550F412}
		{AB744DF2-2244-3BD4-984E-6C3F82756FB5} = {421C8073-48CC-4FB5-8D24-F427C550F412}
		{777CA18F-9FD4-3F3B-BE41-0E7F78629123} = {421C8073-48CC-4FB5-8D24-F427C550F412}
		{421C8073-48CC-4FB5-8D24-F427C550F412} = {6EFF136F-7A5E-4C46-A86D-8203E573785D}
		{5D69D9C3-1424-4282-9F6B-EBDEDC6A4783} = {6EFF136F-7A5E-4C46-A86D-8203E573785D}
		{5A2DF431-3A80-3C06-B9B1-27430B56A29E} = {5D69D9C3-1424-4282-9F6B-EBDEDC6A4783}
		{38420C6A-42C5-3AB9-A6E5-59E445AC0E5E} = {5D69D9C3-1424-4282-9F6B-EBDEDC6A4783}
		{065DC5C3-4006-3E20-A116-6B66BF3D954B} = {5D69D9C3-1424-4282-9F6B-EBDEDC6A4783}
		{E727A94C-0B46-3335-B1EA-D79477DE7681} = {5D69D9C3-1424-4282-9F6B-EBDEDC6A4783}
		{17861B06-326C-313F-B531-6698F69A7E0A} = {5D69D9C3-1424-4282-9F6B-EBDEDC6A4783}
		{88CC132D-BF6F-39B4-AF07-17C68A1C42C0} = {5D69D9C3-1424-4282-9F6B-EBDEDC6A4783}
		{383414A1-4E4E-3867-B4D1-A695D8987077} = {5D69D9C3-1424-4282-9F6B-EBDEDC6A4783}
		{1985DD40-A5BE-4EE9-A7E3-2A18882AF36C} = {C0997A53-8C50-445A-9DA7-3AD42A4674A5}
		{DBEE655D-7281-4320-8ACF-01B26846C08E} = {1985DD40-A5BE-4EE9-A7E3-2A18882AF36C}
	EndGlobalSection
	GlobalSection(ExtensibilityGlobals) = postSolution
		SolutionGuid = {3E4D86D0-3EAE-4935-AA6A-A64ECA9CCA62}
	EndGlobalSection
EndGlobal
